// !$*UTF8*$!
{
	archiveVersion = 1;
	classes = {
	};
	objectVersion = 46;
	objects = {

/* Begin PBXBuildFile section */
		00E356F31AD99517003FC87E /* turistandopbappTests.m in Sources */ = {isa = PBXBuildFile; fileRef = 00E356F21AD99517003FC87E /* turistandopbappTests.m */; };
		13B07FBC1A68108700A75B9A /* AppDelegate.m in Sources */ = {isa = PBXBuildFile; fileRef = 13B07FB01A68108700A75B9A /* AppDelegate.m */; };
		13B07FBF1A68108700A75B9A /* Images.xcassets in Resources */ = {isa = PBXBuildFile; fileRef = 13B07FB51A68108700A75B9A /* Images.xcassets */; };
		13B07FC11A68108700A75B9A /* main.m in Sources */ = {isa = PBXBuildFile; fileRef = 13B07FB71A68108700A75B9A /* main.m */; };
		2D02E4BC1E0B4A80006451C7 /* AppDelegate.m in Sources */ = {isa = PBXBuildFile; fileRef = 13B07FB01A68108700A75B9A /* AppDelegate.m */; };
		2D02E4BD1E0B4A84006451C7 /* Images.xcassets in Resources */ = {isa = PBXBuildFile; fileRef = 13B07FB51A68108700A75B9A /* Images.xcassets */; };
		2D02E4BF1E0B4AB3006451C7 /* main.m in Sources */ = {isa = PBXBuildFile; fileRef = 13B07FB71A68108700A75B9A /* main.m */; };
		2DCD954D1E0B4F2C00145EB5 /* turistandopbappTests.m in Sources */ = {isa = PBXBuildFile; fileRef = 00E356F21AD99517003FC87E /* turistandopbappTests.m */; };
		81AB9BB82411601600AC10FF /* LaunchScreen.storyboard in Resources */ = {isa = PBXBuildFile; fileRef = 81AB9BB72411601600AC10FF /* LaunchScreen.storyboard */; };
		3741318341CC4F8184012DA0 /* AntDesign.ttf in Resources */ = {isa = PBXBuildFile; fileRef = 5399688202A340E188FD5612 /* AntDesign.ttf */; };
		A977E717E3B8406BBE677C0D /* Entypo.ttf in Resources */ = {isa = PBXBuildFile; fileRef = 5F2DF33F60E2484A8364D931 /* Entypo.ttf */; };
		36ED1266C457498486E77B86 /* EvilIcons.ttf in Resources */ = {isa = PBXBuildFile; fileRef = 2763EC4E1D3F445388F405DC /* EvilIcons.ttf */; };
		149AB2F9A3A94B299836B4B4 /* Feather.ttf in Resources */ = {isa = PBXBuildFile; fileRef = FA148FB9F04344D6A87DB493 /* Feather.ttf */; };
		7CE9211230C24FE3BC5DA483 /* FontAwesome.ttf in Resources */ = {isa = PBXBuildFile; fileRef = 97F624D6A66F4B6EAE470DA7 /* FontAwesome.ttf */; };
		B5CED8D048374C8A9F374110 /* FontAwesome5_Brands.ttf in Resources */ = {isa = PBXBuildFile; fileRef = 92F9A627A3FA4ACEB1D836D7 /* FontAwesome5_Brands.ttf */; };
		988D82345D5242A4A1937F2A /* FontAwesome5_Regular.ttf in Resources */ = {isa = PBXBuildFile; fileRef = 4F0C73389A204574AADF8BCD /* FontAwesome5_Regular.ttf */; };
		7616250B52A54E88880B67E0 /* FontAwesome5_Solid.ttf in Resources */ = {isa = PBXBuildFile; fileRef = EB8D9D67FE3F4CD39FEF1129 /* FontAwesome5_Solid.ttf */; };
		D7DA81DAD74F4338ACC55B95 /* Fontisto.ttf in Resources */ = {isa = PBXBuildFile; fileRef = 162630043D7F4AAFBE45C270 /* Fontisto.ttf */; };
		801A9C1E29E04F28A7B5734A /* Foundation.ttf in Resources */ = {isa = PBXBuildFile; fileRef = F7402376D3004124831876B8 /* Foundation.ttf */; };
		112AB0B639D74EFFB62F1BCA /* Ionicons.ttf in Resources */ = {isa = PBXBuildFile; fileRef = 1E5DE481BFB54C26BF292C9C /* Ionicons.ttf */; };
		DC7E92F877D844C9993B1EAF /* MaterialCommunityIcons.ttf in Resources */ = {isa = PBXBuildFile; fileRef = 9307C92A77F3453A9163BA4C /* MaterialCommunityIcons.ttf */; };
		993691AD6060493A90C58771 /* MaterialIcons.ttf in Resources */ = {isa = PBXBuildFile; fileRef = 41E73B3A49744C9D985C03B2 /* MaterialIcons.ttf */; };
		C1B3F27B25FB493BA28E3868 /* Octicons.ttf in Resources */ = {isa = PBXBuildFile; fileRef = 119C435F87F84D13AE03E4F3 /* Octicons.ttf */; };
		3F18BF742A1A402E9A09A8DF /* SimpleLineIcons.ttf in Resources */ = {isa = PBXBuildFile; fileRef = F6C96EA826EE49EEB4BF2B56 /* SimpleLineIcons.ttf */; };
		3CBEC079BB6244158CF9A75D /* Zocial.ttf in Resources */ = {isa = PBXBuildFile; fileRef = 70916B58524143F280239F8E /* Zocial.ttf */; };
		59AC3A92148C46B1A4C1CD87 /* Roboto-Black.ttf in Resources */ = {isa = PBXBuildFile; fileRef = A5AD96E39D4B4C859B728FA6 /* Roboto-Black.ttf */; };
		304BB28E86124667AAE9BD51 /* Roboto-BlackItalic.ttf in Resources */ = {isa = PBXBuildFile; fileRef = FC2E3CBAD1844776A0BFFDF4 /* Roboto-BlackItalic.ttf */; };
		6BA4C924BB4D49D98A53373B /* Roboto-Bold.ttf in Resources */ = {isa = PBXBuildFile; fileRef = C1FBB3B631324DF48E946AF6 /* Roboto-Bold.ttf */; };
		0D3A49FC1BEE43FA8F4A9AE9 /* Roboto-BoldItalic.ttf in Resources */ = {isa = PBXBuildFile; fileRef = 45308772E53A44DF9A8B1624 /* Roboto-BoldItalic.ttf */; };
		85B912140E8E42D2802B7DE7 /* Roboto-Italic.ttf in Resources */ = {isa = PBXBuildFile; fileRef = 5ADDF5D1361A47FF96E59022 /* Roboto-Italic.ttf */; };
		6982F1B351564E0489541833 /* Roboto-Light.ttf in Resources */ = {isa = PBXBuildFile; fileRef = C5FEE9E7030B42F4A250AC08 /* Roboto-Light.ttf */; };
		88A8CFA143D64E71B6A523C4 /* Roboto-LightItalic.ttf in Resources */ = {isa = PBXBuildFile; fileRef = 55E2D2624F0D4183928506A5 /* Roboto-LightItalic.ttf */; };
		084EB718AB6C4B509D31D418 /* Roboto-Medium.ttf in Resources */ = {isa = PBXBuildFile; fileRef = 8A899AF3C9AC4E1EBAB48206 /* Roboto-Medium.ttf */; };
		F20ED06ACE19488AA0F47D0D /* Roboto-MediumItalic.ttf in Resources */ = {isa = PBXBuildFile; fileRef = 89BB1C9148624020A0A66CBA /* Roboto-MediumItalic.ttf */; };
		0C5C846C872C47F8B68BF099 /* Roboto-Regular.ttf in Resources */ = {isa = PBXBuildFile; fileRef = 93491DFB6E5C4D23BD38E682 /* Roboto-Regular.ttf */; };
		6457B636CDD24FDF88E11B36 /* Roboto-Thin.ttf in Resources */ = {isa = PBXBuildFile; fileRef = 08DB9D6E626F4191AFB7CCDB /* Roboto-Thin.ttf */; };
		23A831B8E4F14B26AC512E13 /* Roboto-ThinItalic.ttf in Resources */ = {isa = PBXBuildFile; fileRef = DB6AA567E8C340DAAF141492 /* Roboto-ThinItalic.ttf */; };
		181C03E947184A2BB97A6E6B /* logo-turistando.png in Resources */ = {isa = PBXBuildFile; fileRef = 21253F9F450A4560909C3059 /* logo-turistando.png */; };
		3AD0BC9A644142268103994D /* Roboto-Black.ttf in Resources */ = {isa = PBXBuildFile; fileRef = 22AAEF91F861422E9F5B7C84 /* Roboto-Black.ttf */; };
		3AC3DFBD37BC4E2896C33634 /* Roboto-BlackItalic.ttf in Resources */ = {isa = PBXBuildFile; fileRef = 17266166C39441E08160334C /* Roboto-BlackItalic.ttf */; };
		EB6B6A3475F84EF9912F67E1 /* Roboto-Bold.ttf in Resources */ = {isa = PBXBuildFile; fileRef = 23115BED2A4C43649228F63D /* Roboto-Bold.ttf */; };
		8B991A06527C4D7487BD05CA /* Roboto-BoldItalic.ttf in Resources */ = {isa = PBXBuildFile; fileRef = 5127DA7824F542F3A25BC58D /* Roboto-BoldItalic.ttf */; };
		1809FCDF0DBA4E4EBB0099D9 /* Roboto-Italic.ttf in Resources */ = {isa = PBXBuildFile; fileRef = 2E8929FE57D14FCBB9DB9FCC /* Roboto-Italic.ttf */; };
		08D03A2C51E84FFF943CD810 /* Roboto-Light.ttf in Resources */ = {isa = PBXBuildFile; fileRef = 3031168B49504992ABF59E56 /* Roboto-Light.ttf */; };
		C6CB2E552B3C4B78944BD23B /* Roboto-LightItalic.ttf in Resources */ = {isa = PBXBuildFile; fileRef = 7D178253C07542BC8FF88FFC /* Roboto-LightItalic.ttf */; };
		DCD266DC61EC48029767C3F3 /* Roboto-Medium.ttf in Resources */ = {isa = PBXBuildFile; fileRef = 8C984CF4D54E4229AF6E3035 /* Roboto-Medium.ttf */; };
		C58D14B818124B99AA02AE75 /* Roboto-MediumItalic.ttf in Resources */ = {isa = PBXBuildFile; fileRef = C53CACC7681A4F719A1BE6F2 /* Roboto-MediumItalic.ttf */; };
		C911425BA1994F078619CEC2 /* Roboto-Regular.ttf in Resources */ = {isa = PBXBuildFile; fileRef = F94D70C9C5324A30AE8C039F /* Roboto-Regular.ttf */; };
		F2B0FD9552694C2093A8C20A /* Roboto-Thin.ttf in Resources */ = {isa = PBXBuildFile; fileRef = 100D2ED0236741F9BE63602E /* Roboto-Thin.ttf */; };
		4A14FB14D0A7492AB778DB63 /* Roboto-ThinItalic.ttf in Resources */ = {isa = PBXBuildFile; fileRef = 91FC64B63B9E4E4C8E51AD39 /* Roboto-ThinItalic.ttf */; };
		1B9D4CD2615B42089AF3F145 /* Recursive-Black.ttf in Resources */ = {isa = PBXBuildFile; fileRef = CC3B106226E84B62A7AB184B /* Recursive-Black.ttf */; };
		0865B23D1471401FB993EB68 /* Recursive-Bold.ttf in Resources */ = {isa = PBXBuildFile; fileRef = 07A86DCC6157447A8ED3DAC1 /* Recursive-Bold.ttf */; };
		CF6913A6E825409BA711D4DB /* Recursive-ExtraBold.ttf in Resources */ = {isa = PBXBuildFile; fileRef = 4225228C4E8D489EA063C3B2 /* Recursive-ExtraBold.ttf */; };
		F3B84B53A02B40729C0241C1 /* Recursive-Light.ttf in Resources */ = {isa = PBXBuildFile; fileRef = 791397259185498DAD36ED10 /* Recursive-Light.ttf */; };
		1E2B5DCF6EB944738DA92A50 /* Recursive-Medium.ttf in Resources */ = {isa = PBXBuildFile; fileRef = 4180B7F3C3824940B9909826 /* Recursive-Medium.ttf */; };
		1F316E1375E44CBD8FBD0CBB /* Recursive-Regular.ttf in Resources */ = {isa = PBXBuildFile; fileRef = 9C348EEF6D164256B108DF35 /* Recursive-Regular.ttf */; };
		988763EA8DF94D5A9DECA69E /* Recursive-SemiBold.ttf in Resources */ = {isa = PBXBuildFile; fileRef = 3ACEF6E8E1644228AD464477 /* Recursive-SemiBold.ttf */; };
		04CDC4A11C314EC5B8CC4F7F /* Recursive-VariableFont_CASL,CRSV,MONO,slnt,wght.ttf in Resources */ = {isa = PBXBuildFile; fileRef = 91C8C66BDD9C49AC8548DB7A /* Recursive-VariableFont_CASL,CRSV,MONO,slnt,wght.ttf */; };
/* End PBXBuildFile section */

/* Begin PBXContainerItemProxy section */
		00E356F41AD99517003FC87E /* PBXContainerItemProxy */ = {
			isa = PBXContainerItemProxy;
			containerPortal = 83CBB9F71A601CBA00E9B192 /* Project object */;
			proxyType = 1;
			remoteGlobalIDString = 13B07F861A680F5B00A75B9A;
			remoteInfo = turistandopbapp;
		};
		2D02E4911E0B4A5D006451C7 /* PBXContainerItemProxy */ = {
			isa = PBXContainerItemProxy;
			containerPortal = 83CBB9F71A601CBA00E9B192 /* Project object */;
			proxyType = 1;
			remoteGlobalIDString = 2D02E47A1E0B4A5D006451C7;
			remoteInfo = "turistandopbapp-tvOS";
		};
/* End PBXContainerItemProxy section */

/* Begin PBXFileReference section */
		008F07F21AC5B25A0029DE68 /* main.jsbundle */ = {isa = PBXFileReference; fileEncoding = 4; lastKnownFileType = text; path = main.jsbundle; sourceTree = "<group>"; };
		00E356EE1AD99517003FC87E /* turistandopbappTests.xctest */ = {isa = PBXFileReference; explicitFileType = wrapper.cfbundle; includeInIndex = 0; path = turistandopbappTests.xctest; sourceTree = BUILT_PRODUCTS_DIR; };
		00E356F11AD99517003FC87E /* Info.plist */ = {isa = PBXFileReference; lastKnownFileType = text.plist.xml; path = Info.plist; sourceTree = "<group>"; };
		00E356F21AD99517003FC87E /* turistandopbappTests.m */ = {isa = PBXFileReference; lastKnownFileType = sourcecode.c.objc; path = turistandopbappTests.m; sourceTree = "<group>"; };
		13B07F961A680F5B00A75B9A /* turistandopbapp.app */ = {isa = PBXFileReference; explicitFileType = wrapper.application; includeInIndex = 0; path = turistandopbapp.app; sourceTree = BUILT_PRODUCTS_DIR; };
		13B07FAF1A68108700A75B9A /* AppDelegate.h */ = {isa = PBXFileReference; fileEncoding = 4; lastKnownFileType = sourcecode.c.h; name = AppDelegate.h; path = turistandopbapp/AppDelegate.h; sourceTree = "<group>"; };
		13B07FB01A68108700A75B9A /* AppDelegate.m */ = {isa = PBXFileReference; fileEncoding = 4; lastKnownFileType = sourcecode.c.objc; name = AppDelegate.m; path = turistandopbapp/AppDelegate.m; sourceTree = "<group>"; };
		13B07FB51A68108700A75B9A /* Images.xcassets */ = {isa = PBXFileReference; lastKnownFileType = folder.assetcatalog; name = Images.xcassets; path = turistandopbapp/Images.xcassets; sourceTree = "<group>"; };
		13B07FB61A68108700A75B9A /* Info.plist */ = {isa = PBXFileReference; fileEncoding = 4; lastKnownFileType = text.plist.xml; name = Info.plist; path = turistandopbapp/Info.plist; sourceTree = "<group>"; };
		13B07FB71A68108700A75B9A /* main.m */ = {isa = PBXFileReference; fileEncoding = 4; lastKnownFileType = sourcecode.c.objc; name = main.m; path = turistandopbapp/main.m; sourceTree = "<group>"; };
		2D02E47B1E0B4A5D006451C7 /* turistandopbapp-tvOS.app */ = {isa = PBXFileReference; explicitFileType = wrapper.application; includeInIndex = 0; path = "turistandopbapp-tvOS.app"; sourceTree = BUILT_PRODUCTS_DIR; };
		2D02E4901E0B4A5D006451C7 /* turistandopbapp-tvOSTests.xctest */ = {isa = PBXFileReference; explicitFileType = wrapper.cfbundle; includeInIndex = 0; path = "turistandopbapp-tvOSTests.xctest"; sourceTree = BUILT_PRODUCTS_DIR; };
		81AB9BB72411601600AC10FF /* LaunchScreen.storyboard */ = {isa = PBXFileReference; fileEncoding = 4; lastKnownFileType = file.storyboard; name = LaunchScreen.storyboard; path = turistandopbapp/LaunchScreen.storyboard; sourceTree = "<group>"; };
		ED297162215061F000B7C4FE /* JavaScriptCore.framework */ = {isa = PBXFileReference; lastKnownFileType = wrapper.framework; name = JavaScriptCore.framework; path = System/Library/Frameworks/JavaScriptCore.framework; sourceTree = SDKROOT; };
		ED2971642150620600B7C4FE /* JavaScriptCore.framework */ = {isa = PBXFileReference; lastKnownFileType = wrapper.framework; name = JavaScriptCore.framework; path = Platforms/AppleTVOS.platform/Developer/SDKs/AppleTVOS12.0.sdk/System/Library/Frameworks/JavaScriptCore.framework; sourceTree = DEVELOPER_DIR; };
		5399688202A340E188FD5612 /* AntDesign.ttf */ = {isa = PBXFileReference; name = "AntDesign.ttf"; path = "../node_modules/react-native-vector-icons/Fonts/AntDesign.ttf"; sourceTree = "<group>"; fileEncoding = undefined; lastKnownFileType = unknown; explicitFileType = undefined; includeInIndex = 0; };
		5F2DF33F60E2484A8364D931 /* Entypo.ttf */ = {isa = PBXFileReference; name = "Entypo.ttf"; path = "../node_modules/react-native-vector-icons/Fonts/Entypo.ttf"; sourceTree = "<group>"; fileEncoding = undefined; lastKnownFileType = unknown; explicitFileType = undefined; includeInIndex = 0; };
		2763EC4E1D3F445388F405DC /* EvilIcons.ttf */ = {isa = PBXFileReference; name = "EvilIcons.ttf"; path = "../node_modules/react-native-vector-icons/Fonts/EvilIcons.ttf"; sourceTree = "<group>"; fileEncoding = undefined; lastKnownFileType = unknown; explicitFileType = undefined; includeInIndex = 0; };
		FA148FB9F04344D6A87DB493 /* Feather.ttf */ = {isa = PBXFileReference; name = "Feather.ttf"; path = "../node_modules/react-native-vector-icons/Fonts/Feather.ttf"; sourceTree = "<group>"; fileEncoding = undefined; lastKnownFileType = unknown; explicitFileType = undefined; includeInIndex = 0; };
		97F624D6A66F4B6EAE470DA7 /* FontAwesome.ttf */ = {isa = PBXFileReference; name = "FontAwesome.ttf"; path = "../node_modules/react-native-vector-icons/Fonts/FontAwesome.ttf"; sourceTree = "<group>"; fileEncoding = undefined; lastKnownFileType = unknown; explicitFileType = undefined; includeInIndex = 0; };
		92F9A627A3FA4ACEB1D836D7 /* FontAwesome5_Brands.ttf */ = {isa = PBXFileReference; name = "FontAwesome5_Brands.ttf"; path = "../node_modules/react-native-vector-icons/Fonts/FontAwesome5_Brands.ttf"; sourceTree = "<group>"; fileEncoding = undefined; lastKnownFileType = unknown; explicitFileType = undefined; includeInIndex = 0; };
		4F0C73389A204574AADF8BCD /* FontAwesome5_Regular.ttf */ = {isa = PBXFileReference; name = "FontAwesome5_Regular.ttf"; path = "../node_modules/react-native-vector-icons/Fonts/FontAwesome5_Regular.ttf"; sourceTree = "<group>"; fileEncoding = undefined; lastKnownFileType = unknown; explicitFileType = undefined; includeInIndex = 0; };
		EB8D9D67FE3F4CD39FEF1129 /* FontAwesome5_Solid.ttf */ = {isa = PBXFileReference; name = "FontAwesome5_Solid.ttf"; path = "../node_modules/react-native-vector-icons/Fonts/FontAwesome5_Solid.ttf"; sourceTree = "<group>"; fileEncoding = undefined; lastKnownFileType = unknown; explicitFileType = undefined; includeInIndex = 0; };
		162630043D7F4AAFBE45C270 /* Fontisto.ttf */ = {isa = PBXFileReference; name = "Fontisto.ttf"; path = "../node_modules/react-native-vector-icons/Fonts/Fontisto.ttf"; sourceTree = "<group>"; fileEncoding = undefined; lastKnownFileType = unknown; explicitFileType = undefined; includeInIndex = 0; };
		F7402376D3004124831876B8 /* Foundation.ttf */ = {isa = PBXFileReference; name = "Foundation.ttf"; path = "../node_modules/react-native-vector-icons/Fonts/Foundation.ttf"; sourceTree = "<group>"; fileEncoding = undefined; lastKnownFileType = unknown; explicitFileType = undefined; includeInIndex = 0; };
		1E5DE481BFB54C26BF292C9C /* Ionicons.ttf */ = {isa = PBXFileReference; name = "Ionicons.ttf"; path = "../node_modules/react-native-vector-icons/Fonts/Ionicons.ttf"; sourceTree = "<group>"; fileEncoding = undefined; lastKnownFileType = unknown; explicitFileType = undefined; includeInIndex = 0; };
		9307C92A77F3453A9163BA4C /* MaterialCommunityIcons.ttf */ = {isa = PBXFileReference; name = "MaterialCommunityIcons.ttf"; path = "../node_modules/react-native-vector-icons/Fonts/MaterialCommunityIcons.ttf"; sourceTree = "<group>"; fileEncoding = undefined; lastKnownFileType = unknown; explicitFileType = undefined; includeInIndex = 0; };
		41E73B3A49744C9D985C03B2 /* MaterialIcons.ttf */ = {isa = PBXFileReference; name = "MaterialIcons.ttf"; path = "../node_modules/react-native-vector-icons/Fonts/MaterialIcons.ttf"; sourceTree = "<group>"; fileEncoding = undefined; lastKnownFileType = unknown; explicitFileType = undefined; includeInIndex = 0; };
		119C435F87F84D13AE03E4F3 /* Octicons.ttf */ = {isa = PBXFileReference; name = "Octicons.ttf"; path = "../node_modules/react-native-vector-icons/Fonts/Octicons.ttf"; sourceTree = "<group>"; fileEncoding = undefined; lastKnownFileType = unknown; explicitFileType = undefined; includeInIndex = 0; };
		F6C96EA826EE49EEB4BF2B56 /* SimpleLineIcons.ttf */ = {isa = PBXFileReference; name = "SimpleLineIcons.ttf"; path = "../node_modules/react-native-vector-icons/Fonts/SimpleLineIcons.ttf"; sourceTree = "<group>"; fileEncoding = undefined; lastKnownFileType = unknown; explicitFileType = undefined; includeInIndex = 0; };
		70916B58524143F280239F8E /* Zocial.ttf */ = {isa = PBXFileReference; name = "Zocial.ttf"; path = "../node_modules/react-native-vector-icons/Fonts/Zocial.ttf"; sourceTree = "<group>"; fileEncoding = undefined; lastKnownFileType = unknown; explicitFileType = undefined; includeInIndex = 0; };
		A5AD96E39D4B4C859B728FA6 /* Roboto-Black.ttf */ = {isa = PBXFileReference; name = "Roboto-Black.ttf"; path = "../assets/fonts/Roboto/Roboto-Black.ttf"; sourceTree = "<group>"; fileEncoding = undefined; lastKnownFileType = unknown; explicitFileType = undefined; includeInIndex = 0; };
		FC2E3CBAD1844776A0BFFDF4 /* Roboto-BlackItalic.ttf */ = {isa = PBXFileReference; name = "Roboto-BlackItalic.ttf"; path = "../assets/fonts/Roboto/Roboto-BlackItalic.ttf"; sourceTree = "<group>"; fileEncoding = undefined; lastKnownFileType = unknown; explicitFileType = undefined; includeInIndex = 0; };
		C1FBB3B631324DF48E946AF6 /* Roboto-Bold.ttf */ = {isa = PBXFileReference; name = "Roboto-Bold.ttf"; path = "../assets/fonts/Roboto/Roboto-Bold.ttf"; sourceTree = "<group>"; fileEncoding = undefined; lastKnownFileType = unknown; explicitFileType = undefined; includeInIndex = 0; };
		45308772E53A44DF9A8B1624 /* Roboto-BoldItalic.ttf */ = {isa = PBXFileReference; name = "Roboto-BoldItalic.ttf"; path = "../assets/fonts/Roboto/Roboto-BoldItalic.ttf"; sourceTree = "<group>"; fileEncoding = undefined; lastKnownFileType = unknown; explicitFileType = undefined; includeInIndex = 0; };
		5ADDF5D1361A47FF96E59022 /* Roboto-Italic.ttf */ = {isa = PBXFileReference; name = "Roboto-Italic.ttf"; path = "../assets/fonts/Roboto/Roboto-Italic.ttf"; sourceTree = "<group>"; fileEncoding = undefined; lastKnownFileType = unknown; explicitFileType = undefined; includeInIndex = 0; };
		C5FEE9E7030B42F4A250AC08 /* Roboto-Light.ttf */ = {isa = PBXFileReference; name = "Roboto-Light.ttf"; path = "../assets/fonts/Roboto/Roboto-Light.ttf"; sourceTree = "<group>"; fileEncoding = undefined; lastKnownFileType = unknown; explicitFileType = undefined; includeInIndex = 0; };
		55E2D2624F0D4183928506A5 /* Roboto-LightItalic.ttf */ = {isa = PBXFileReference; name = "Roboto-LightItalic.ttf"; path = "../assets/fonts/Roboto/Roboto-LightItalic.ttf"; sourceTree = "<group>"; fileEncoding = undefined; lastKnownFileType = unknown; explicitFileType = undefined; includeInIndex = 0; };
		8A899AF3C9AC4E1EBAB48206 /* Roboto-Medium.ttf */ = {isa = PBXFileReference; name = "Roboto-Medium.ttf"; path = "../assets/fonts/Roboto/Roboto-Medium.ttf"; sourceTree = "<group>"; fileEncoding = undefined; lastKnownFileType = unknown; explicitFileType = undefined; includeInIndex = 0; };
		89BB1C9148624020A0A66CBA /* Roboto-MediumItalic.ttf */ = {isa = PBXFileReference; name = "Roboto-MediumItalic.ttf"; path = "../assets/fonts/Roboto/Roboto-MediumItalic.ttf"; sourceTree = "<group>"; fileEncoding = undefined; lastKnownFileType = unknown; explicitFileType = undefined; includeInIndex = 0; };
		93491DFB6E5C4D23BD38E682 /* Roboto-Regular.ttf */ = {isa = PBXFileReference; name = "Roboto-Regular.ttf"; path = "../assets/fonts/Roboto/Roboto-Regular.ttf"; sourceTree = "<group>"; fileEncoding = undefined; lastKnownFileType = unknown; explicitFileType = undefined; includeInIndex = 0; };
		08DB9D6E626F4191AFB7CCDB /* Roboto-Thin.ttf */ = {isa = PBXFileReference; name = "Roboto-Thin.ttf"; path = "../assets/fonts/Roboto/Roboto-Thin.ttf"; sourceTree = "<group>"; fileEncoding = undefined; lastKnownFileType = unknown; explicitFileType = undefined; includeInIndex = 0; };
		DB6AA567E8C340DAAF141492 /* Roboto-ThinItalic.ttf */ = {isa = PBXFileReference; name = "Roboto-ThinItalic.ttf"; path = "../assets/fonts/Roboto/Roboto-ThinItalic.ttf"; sourceTree = "<group>"; fileEncoding = undefined; lastKnownFileType = unknown; explicitFileType = undefined; includeInIndex = 0; };
		21253F9F450A4560909C3059 /* logo-turistando.png */ = {isa = PBXFileReference; name = "logo-turistando.png"; path = "../assets/logos/logo-turistando.png"; sourceTree = "<group>"; fileEncoding = undefined; lastKnownFileType = unknown; explicitFileType = undefined; includeInIndex = 0; };
		22AAEF91F861422E9F5B7C84 /* Roboto-Black.ttf */ = {isa = PBXFileReference; name = "Roboto-Black.ttf"; path = "../assets/fonts/Roboto-Black.ttf"; sourceTree = "<group>"; fileEncoding = undefined; lastKnownFileType = unknown; explicitFileType = undefined; includeInIndex = 0; };
		17266166C39441E08160334C /* Roboto-BlackItalic.ttf */ = {isa = PBXFileReference; name = "Roboto-BlackItalic.ttf"; path = "../assets/fonts/Roboto-BlackItalic.ttf"; sourceTree = "<group>"; fileEncoding = undefined; lastKnownFileType = unknown; explicitFileType = undefined; includeInIndex = 0; };
		23115BED2A4C43649228F63D /* Roboto-Bold.ttf */ = {isa = PBXFileReference; name = "Roboto-Bold.ttf"; path = "../assets/fonts/Roboto-Bold.ttf"; sourceTree = "<group>"; fileEncoding = undefined; lastKnownFileType = unknown; explicitFileType = undefined; includeInIndex = 0; };
		5127DA7824F542F3A25BC58D /* Roboto-BoldItalic.ttf */ = {isa = PBXFileReference; name = "Roboto-BoldItalic.ttf"; path = "../assets/fonts/Roboto-BoldItalic.ttf"; sourceTree = "<group>"; fileEncoding = undefined; lastKnownFileType = unknown; explicitFileType = undefined; includeInIndex = 0; };
		2E8929FE57D14FCBB9DB9FCC /* Roboto-Italic.ttf */ = {isa = PBXFileReference; name = "Roboto-Italic.ttf"; path = "../assets/fonts/Roboto-Italic.ttf"; sourceTree = "<group>"; fileEncoding = undefined; lastKnownFileType = unknown; explicitFileType = undefined; includeInIndex = 0; };
		3031168B49504992ABF59E56 /* Roboto-Light.ttf */ = {isa = PBXFileReference; name = "Roboto-Light.ttf"; path = "../assets/fonts/Roboto-Light.ttf"; sourceTree = "<group>"; fileEncoding = undefined; lastKnownFileType = unknown; explicitFileType = undefined; includeInIndex = 0; };
		7D178253C07542BC8FF88FFC /* Roboto-LightItalic.ttf */ = {isa = PBXFileReference; name = "Roboto-LightItalic.ttf"; path = "../assets/fonts/Roboto-LightItalic.ttf"; sourceTree = "<group>"; fileEncoding = undefined; lastKnownFileType = unknown; explicitFileType = undefined; includeInIndex = 0; };
		8C984CF4D54E4229AF6E3035 /* Roboto-Medium.ttf */ = {isa = PBXFileReference; name = "Roboto-Medium.ttf"; path = "../assets/fonts/Roboto-Medium.ttf"; sourceTree = "<group>"; fileEncoding = undefined; lastKnownFileType = unknown; explicitFileType = undefined; includeInIndex = 0; };
		C53CACC7681A4F719A1BE6F2 /* Roboto-MediumItalic.ttf */ = {isa = PBXFileReference; name = "Roboto-MediumItalic.ttf"; path = "../assets/fonts/Roboto-MediumItalic.ttf"; sourceTree = "<group>"; fileEncoding = undefined; lastKnownFileType = unknown; explicitFileType = undefined; includeInIndex = 0; };
		F94D70C9C5324A30AE8C039F /* Roboto-Regular.ttf */ = {isa = PBXFileReference; name = "Roboto-Regular.ttf"; path = "../assets/fonts/Roboto-Regular.ttf"; sourceTree = "<group>"; fileEncoding = undefined; lastKnownFileType = unknown; explicitFileType = undefined; includeInIndex = 0; };
		100D2ED0236741F9BE63602E /* Roboto-Thin.ttf */ = {isa = PBXFileReference; name = "Roboto-Thin.ttf"; path = "../assets/fonts/Roboto-Thin.ttf"; sourceTree = "<group>"; fileEncoding = undefined; lastKnownFileType = unknown; explicitFileType = undefined; includeInIndex = 0; };
		91FC64B63B9E4E4C8E51AD39 /* Roboto-ThinItalic.ttf */ = {isa = PBXFileReference; name = "Roboto-ThinItalic.ttf"; path = "../assets/fonts/Roboto-ThinItalic.ttf"; sourceTree = "<group>"; fileEncoding = undefined; lastKnownFileType = unknown; explicitFileType = undefined; includeInIndex = 0; };
		CC3B106226E84B62A7AB184B /* Recursive-Black.ttf */ = {isa = PBXFileReference; name = "Recursive-Black.ttf"; path = "../assets/fonts/Recursive-Black.ttf"; sourceTree = "<group>"; fileEncoding = undefined; lastKnownFileType = unknown; explicitFileType = undefined; includeInIndex = 0; };
		07A86DCC6157447A8ED3DAC1 /* Recursive-Bold.ttf */ = {isa = PBXFileReference; name = "Recursive-Bold.ttf"; path = "../assets/fonts/Recursive-Bold.ttf"; sourceTree = "<group>"; fileEncoding = undefined; lastKnownFileType = unknown; explicitFileType = undefined; includeInIndex = 0; };
		4225228C4E8D489EA063C3B2 /* Recursive-ExtraBold.ttf */ = {isa = PBXFileReference; name = "Recursive-ExtraBold.ttf"; path = "../assets/fonts/Recursive-ExtraBold.ttf"; sourceTree = "<group>"; fileEncoding = undefined; lastKnownFileType = unknown; explicitFileType = undefined; includeInIndex = 0; };
		791397259185498DAD36ED10 /* Recursive-Light.ttf */ = {isa = PBXFileReference; name = "Recursive-Light.ttf"; path = "../assets/fonts/Recursive-Light.ttf"; sourceTree = "<group>"; fileEncoding = undefined; lastKnownFileType = unknown; explicitFileType = undefined; includeInIndex = 0; };
		4180B7F3C3824940B9909826 /* Recursive-Medium.ttf */ = {isa = PBXFileReference; name = "Recursive-Medium.ttf"; path = "../assets/fonts/Recursive-Medium.ttf"; sourceTree = "<group>"; fileEncoding = undefined; lastKnownFileType = unknown; explicitFileType = undefined; includeInIndex = 0; };
		9C348EEF6D164256B108DF35 /* Recursive-Regular.ttf */ = {isa = PBXFileReference; name = "Recursive-Regular.ttf"; path = "../assets/fonts/Recursive-Regular.ttf"; sourceTree = "<group>"; fileEncoding = undefined; lastKnownFileType = unknown; explicitFileType = undefined; includeInIndex = 0; };
		3ACEF6E8E1644228AD464477 /* Recursive-SemiBold.ttf */ = {isa = PBXFileReference; name = "Recursive-SemiBold.ttf"; path = "../assets/fonts/Recursive-SemiBold.ttf"; sourceTree = "<group>"; fileEncoding = undefined; lastKnownFileType = unknown; explicitFileType = undefined; includeInIndex = 0; };
		91C8C66BDD9C49AC8548DB7A /* Recursive-VariableFont_CASL,CRSV,MONO,slnt,wght.ttf */ = {isa = PBXFileReference; name = "Recursive-VariableFont_CASL,CRSV,MONO,slnt,wght.ttf"; path = "../assets/fonts/Recursive-VariableFont_CASL,CRSV,MONO,slnt,wght.ttf"; sourceTree = "<group>"; fileEncoding = undefined; lastKnownFileType = unknown; explicitFileType = undefined; includeInIndex = 0; };
/* End PBXFileReference section */

/* Begin PBXFrameworksBuildPhase section */
		00E356EB1AD99517003FC87E /* Frameworks */ = {
			isa = PBXFrameworksBuildPhase;
			buildActionMask = 2147483647;
			files = (
			);
			runOnlyForDeploymentPostprocessing = 0;
		};
		13B07F8C1A680F5B00A75B9A /* Frameworks */ = {
			isa = PBXFrameworksBuildPhase;
			buildActionMask = 2147483647;
			files = (
			);
			runOnlyForDeploymentPostprocessing = 0;
		};
		2D02E4781E0B4A5D006451C7 /* Frameworks */ = {
			isa = PBXFrameworksBuildPhase;
			buildActionMask = 2147483647;
			files = (
			);
			runOnlyForDeploymentPostprocessing = 0;
		};
		2D02E48D1E0B4A5D006451C7 /* Frameworks */ = {
			isa = PBXFrameworksBuildPhase;
			buildActionMask = 2147483647;
			files = (
			);
			runOnlyForDeploymentPostprocessing = 0;
		};
/* End PBXFrameworksBuildPhase section */

/* Begin PBXGroup section */
		00E356EF1AD99517003FC87E /* turistandopbappTests */ = {
			isa = PBXGroup;
			children = (
				00E356F21AD99517003FC87E /* turistandopbappTests.m */,
				00E356F01AD99517003FC87E /* Supporting Files */,
			);
			path = turistandopbappTests;
			sourceTree = "<group>";
		};
		00E356F01AD99517003FC87E /* Supporting Files */ = {
			isa = PBXGroup;
			children = (
				00E356F11AD99517003FC87E /* Info.plist */,
			);
			name = "Supporting Files";
			sourceTree = "<group>";
		};
		13B07FAE1A68108700A75B9A /* turistandopbapp */ = {
			isa = PBXGroup;
			children = (
				008F07F21AC5B25A0029DE68 /* main.jsbundle */,
				13B07FAF1A68108700A75B9A /* AppDelegate.h */,
				13B07FB01A68108700A75B9A /* AppDelegate.m */,
				13B07FB51A68108700A75B9A /* Images.xcassets */,
				13B07FB61A68108700A75B9A /* Info.plist */,
				81AB9BB72411601600AC10FF /* LaunchScreen.storyboard */,
				13B07FB71A68108700A75B9A /* main.m */,
			);
			name = turistandopbapp;
			sourceTree = "<group>";
		};
		2D16E6871FA4F8E400B85C8A /* Frameworks */ = {
			isa = PBXGroup;
			children = (
				ED297162215061F000B7C4FE /* JavaScriptCore.framework */,
				ED2971642150620600B7C4FE /* JavaScriptCore.framework */,
			);
			name = Frameworks;
			sourceTree = "<group>";
		};
		832341AE1AAA6A7D00B99B32 /* Libraries */ = {
			isa = PBXGroup;
			children = (
			);
			name = Libraries;
			sourceTree = "<group>";
		};
		83CBB9F61A601CBA00E9B192 = {
			isa = PBXGroup;
			children = (
				13B07FAE1A68108700A75B9A /* turistandopbapp */,
				832341AE1AAA6A7D00B99B32 /* Libraries */,
				00E356EF1AD99517003FC87E /* turistandopbappTests */,
				83CBBA001A601CBA00E9B192 /* Products */,
				2D16E6871FA4F8E400B85C8A /* Frameworks */,
				751F411785C44607ABC4E860 /* Resources */,
			);
			indentWidth = 2;
			sourceTree = "<group>";
			tabWidth = 2;
			usesTabs = 0;
		};
		83CBBA001A601CBA00E9B192 /* Products */ = {
			isa = PBXGroup;
			children = (
				13B07F961A680F5B00A75B9A /* turistandopbapp.app */,
				00E356EE1AD99517003FC87E /* turistandopbappTests.xctest */,
				2D02E47B1E0B4A5D006451C7 /* turistandopbapp-tvOS.app */,
				2D02E4901E0B4A5D006451C7 /* turistandopbapp-tvOSTests.xctest */,
			);
			name = Products;
			sourceTree = "<group>";
		};
		751F411785C44607ABC4E860 /* Resources */ = {
			isa = "PBXGroup";
			children = (
				5399688202A340E188FD5612 /* AntDesign.ttf */,
				5F2DF33F60E2484A8364D931 /* Entypo.ttf */,
				2763EC4E1D3F445388F405DC /* EvilIcons.ttf */,
				FA148FB9F04344D6A87DB493 /* Feather.ttf */,
				97F624D6A66F4B6EAE470DA7 /* FontAwesome.ttf */,
				92F9A627A3FA4ACEB1D836D7 /* FontAwesome5_Brands.ttf */,
				4F0C73389A204574AADF8BCD /* FontAwesome5_Regular.ttf */,
				EB8D9D67FE3F4CD39FEF1129 /* FontAwesome5_Solid.ttf */,
				162630043D7F4AAFBE45C270 /* Fontisto.ttf */,
				F7402376D3004124831876B8 /* Foundation.ttf */,
				1E5DE481BFB54C26BF292C9C /* Ionicons.ttf */,
				9307C92A77F3453A9163BA4C /* MaterialCommunityIcons.ttf */,
				41E73B3A49744C9D985C03B2 /* MaterialIcons.ttf */,
				119C435F87F84D13AE03E4F3 /* Octicons.ttf */,
				F6C96EA826EE49EEB4BF2B56 /* SimpleLineIcons.ttf */,
				70916B58524143F280239F8E /* Zocial.ttf */,
				A5AD96E39D4B4C859B728FA6 /* Roboto-Black.ttf */,
				FC2E3CBAD1844776A0BFFDF4 /* Roboto-BlackItalic.ttf */,
				C1FBB3B631324DF48E946AF6 /* Roboto-Bold.ttf */,
				45308772E53A44DF9A8B1624 /* Roboto-BoldItalic.ttf */,
				5ADDF5D1361A47FF96E59022 /* Roboto-Italic.ttf */,
				C5FEE9E7030B42F4A250AC08 /* Roboto-Light.ttf */,
				55E2D2624F0D4183928506A5 /* Roboto-LightItalic.ttf */,
				8A899AF3C9AC4E1EBAB48206 /* Roboto-Medium.ttf */,
				89BB1C9148624020A0A66CBA /* Roboto-MediumItalic.ttf */,
				93491DFB6E5C4D23BD38E682 /* Roboto-Regular.ttf */,
				08DB9D6E626F4191AFB7CCDB /* Roboto-Thin.ttf */,
				DB6AA567E8C340DAAF141492 /* Roboto-ThinItalic.ttf */,
				21253F9F450A4560909C3059 /* logo-turistando.png */,
				22AAEF91F861422E9F5B7C84 /* Roboto-Black.ttf */,
				17266166C39441E08160334C /* Roboto-BlackItalic.ttf */,
				23115BED2A4C43649228F63D /* Roboto-Bold.ttf */,
				5127DA7824F542F3A25BC58D /* Roboto-BoldItalic.ttf */,
				2E8929FE57D14FCBB9DB9FCC /* Roboto-Italic.ttf */,
				3031168B49504992ABF59E56 /* Roboto-Light.ttf */,
				7D178253C07542BC8FF88FFC /* Roboto-LightItalic.ttf */,
				8C984CF4D54E4229AF6E3035 /* Roboto-Medium.ttf */,
				C53CACC7681A4F719A1BE6F2 /* Roboto-MediumItalic.ttf */,
				F94D70C9C5324A30AE8C039F /* Roboto-Regular.ttf */,
				100D2ED0236741F9BE63602E /* Roboto-Thin.ttf */,
				91FC64B63B9E4E4C8E51AD39 /* Roboto-ThinItalic.ttf */,
				CC3B106226E84B62A7AB184B /* Recursive-Black.ttf */,
				07A86DCC6157447A8ED3DAC1 /* Recursive-Bold.ttf */,
				4225228C4E8D489EA063C3B2 /* Recursive-ExtraBold.ttf */,
				791397259185498DAD36ED10 /* Recursive-Light.ttf */,
				4180B7F3C3824940B9909826 /* Recursive-Medium.ttf */,
				9C348EEF6D164256B108DF35 /* Recursive-Regular.ttf */,
				3ACEF6E8E1644228AD464477 /* Recursive-SemiBold.ttf */,
				91C8C66BDD9C49AC8548DB7A /* Recursive-VariableFont_CASL,CRSV,MONO,slnt,wght.ttf */,
			);
			name = Resources;
			sourceTree = "<group>";
			path = "";
		};
/* End PBXGroup section */

/* Begin PBXNativeTarget section */
		00E356ED1AD99517003FC87E /* turistandopbappTests */ = {
			isa = PBXNativeTarget;
			buildConfigurationList = 00E357021AD99517003FC87E /* Build configuration list for PBXNativeTarget "turistandopbappTests" */;
			buildPhases = (
				00E356EA1AD99517003FC87E /* Sources */,
				00E356EB1AD99517003FC87E /* Frameworks */,
				00E356EC1AD99517003FC87E /* Resources */,
			);
			buildRules = (
			);
			dependencies = (
				00E356F51AD99517003FC87E /* PBXTargetDependency */,
			);
			name = turistandopbappTests;
			productName = turistandopbappTests;
			productReference = 00E356EE1AD99517003FC87E /* turistandopbappTests.xctest */;
			productType = "com.apple.product-type.bundle.unit-test";
		};
		13B07F861A680F5B00A75B9A /* turistandopbapp */ = {
			isa = PBXNativeTarget;
			buildConfigurationList = 13B07F931A680F5B00A75B9A /* Build configuration list for PBXNativeTarget "turistandopbapp" */;
			buildPhases = (
				FD10A7F022414F080027D42C /* Start Packager */,
				13B07F871A680F5B00A75B9A /* Sources */,
				13B07F8C1A680F5B00A75B9A /* Frameworks */,
				13B07F8E1A680F5B00A75B9A /* Resources */,
				00DD1BFF1BD5951E006B06BC /* Bundle React Native code and images */,
			);
			buildRules = (
			);
			dependencies = (
			);
			name = turistandopbapp;
			productName = turistandopbapp;
			productReference = 13B07F961A680F5B00A75B9A /* turistandopbapp.app */;
			productType = "com.apple.product-type.application";
		};
		2D02E47A1E0B4A5D006451C7 /* turistandopbapp-tvOS */ = {
			isa = PBXNativeTarget;
			buildConfigurationList = 2D02E4BA1E0B4A5E006451C7 /* Build configuration list for PBXNativeTarget "turistandopbapp-tvOS" */;
			buildPhases = (
				FD10A7F122414F3F0027D42C /* Start Packager */,
				2D02E4771E0B4A5D006451C7 /* Sources */,
				2D02E4781E0B4A5D006451C7 /* Frameworks */,
				2D02E4791E0B4A5D006451C7 /* Resources */,
				2D02E4CB1E0B4B27006451C7 /* Bundle React Native Code And Images */,
			);
			buildRules = (
			);
			dependencies = (
			);
			name = "turistandopbapp-tvOS";
			productName = "turistandopbapp-tvOS";
			productReference = 2D02E47B1E0B4A5D006451C7 /* turistandopbapp-tvOS.app */;
			productType = "com.apple.product-type.application";
		};
		2D02E48F1E0B4A5D006451C7 /* turistandopbapp-tvOSTests */ = {
			isa = PBXNativeTarget;
			buildConfigurationList = 2D02E4BB1E0B4A5E006451C7 /* Build configuration list for PBXNativeTarget "turistandopbapp-tvOSTests" */;
			buildPhases = (
				2D02E48C1E0B4A5D006451C7 /* Sources */,
				2D02E48D1E0B4A5D006451C7 /* Frameworks */,
				2D02E48E1E0B4A5D006451C7 /* Resources */,
			);
			buildRules = (
			);
			dependencies = (
				2D02E4921E0B4A5D006451C7 /* PBXTargetDependency */,
			);
			name = "turistandopbapp-tvOSTests";
			productName = "turistandopbapp-tvOSTests";
			productReference = 2D02E4901E0B4A5D006451C7 /* turistandopbapp-tvOSTests.xctest */;
			productType = "com.apple.product-type.bundle.unit-test";
		};
/* End PBXNativeTarget section */

/* Begin PBXProject section */
		83CBB9F71A601CBA00E9B192 /* Project object */ = {
			isa = PBXProject;
			attributes = {
				LastUpgradeCheck = 1130;
				TargetAttributes = {
					00E356ED1AD99517003FC87E = {
						CreatedOnToolsVersion = 6.2;
						TestTargetID = 13B07F861A680F5B00A75B9A;
					};
					13B07F861A680F5B00A75B9A = {
						LastSwiftMigration = 1120;
					};
					2D02E47A1E0B4A5D006451C7 = {
						CreatedOnToolsVersion = 8.2.1;
						ProvisioningStyle = Automatic;
					};
					2D02E48F1E0B4A5D006451C7 = {
						CreatedOnToolsVersion = 8.2.1;
						ProvisioningStyle = Automatic;
						TestTargetID = 2D02E47A1E0B4A5D006451C7;
					};
				};
			};
			buildConfigurationList = 83CBB9FA1A601CBA00E9B192 /* Build configuration list for PBXProject "turistandopbapp" */;
			compatibilityVersion = "Xcode 3.2";
			developmentRegion = en;
			hasScannedForEncodings = 0;
			knownRegions = (
				en,
				Base,
			);
			mainGroup = 83CBB9F61A601CBA00E9B192;
			productRefGroup = 83CBBA001A601CBA00E9B192 /* Products */;
			projectDirPath = "";
			projectRoot = "";
			targets = (
				13B07F861A680F5B00A75B9A /* turistandopbapp */,
				00E356ED1AD99517003FC87E /* turistandopbappTests */,
				2D02E47A1E0B4A5D006451C7 /* turistandopbapp-tvOS */,
				2D02E48F1E0B4A5D006451C7 /* turistandopbapp-tvOSTests */,
			);
		};
/* End PBXProject section */

/* Begin PBXResourcesBuildPhase section */
		00E356EC1AD99517003FC87E /* Resources */ = {
			isa = PBXResourcesBuildPhase;
			buildActionMask = 2147483647;
			files = (
			);
			runOnlyForDeploymentPostprocessing = 0;
		};
		13B07F8E1A680F5B00A75B9A /* Resources */ = {
			isa = PBXResourcesBuildPhase;
			buildActionMask = 2147483647;
			files = (
				81AB9BB82411601600AC10FF /* LaunchScreen.storyboard in Resources */,
				13B07FBF1A68108700A75B9A /* Images.xcassets in Resources */,
				3741318341CC4F8184012DA0 /* AntDesign.ttf in Resources */,
				A977E717E3B8406BBE677C0D /* Entypo.ttf in Resources */,
				36ED1266C457498486E77B86 /* EvilIcons.ttf in Resources */,
				149AB2F9A3A94B299836B4B4 /* Feather.ttf in Resources */,
				7CE9211230C24FE3BC5DA483 /* FontAwesome.ttf in Resources */,
				B5CED8D048374C8A9F374110 /* FontAwesome5_Brands.ttf in Resources */,
				988D82345D5242A4A1937F2A /* FontAwesome5_Regular.ttf in Resources */,
				7616250B52A54E88880B67E0 /* FontAwesome5_Solid.ttf in Resources */,
				D7DA81DAD74F4338ACC55B95 /* Fontisto.ttf in Resources */,
				801A9C1E29E04F28A7B5734A /* Foundation.ttf in Resources */,
				112AB0B639D74EFFB62F1BCA /* Ionicons.ttf in Resources */,
				DC7E92F877D844C9993B1EAF /* MaterialCommunityIcons.ttf in Resources */,
				993691AD6060493A90C58771 /* MaterialIcons.ttf in Resources */,
				C1B3F27B25FB493BA28E3868 /* Octicons.ttf in Resources */,
				3F18BF742A1A402E9A09A8DF /* SimpleLineIcons.ttf in Resources */,
				3CBEC079BB6244158CF9A75D /* Zocial.ttf in Resources */,
				59AC3A92148C46B1A4C1CD87 /* Roboto-Black.ttf in Resources */,
				304BB28E86124667AAE9BD51 /* Roboto-BlackItalic.ttf in Resources */,
				6BA4C924BB4D49D98A53373B /* Roboto-Bold.ttf in Resources */,
				0D3A49FC1BEE43FA8F4A9AE9 /* Roboto-BoldItalic.ttf in Resources */,
				85B912140E8E42D2802B7DE7 /* Roboto-Italic.ttf in Resources */,
				6982F1B351564E0489541833 /* Roboto-Light.ttf in Resources */,
				88A8CFA143D64E71B6A523C4 /* Roboto-LightItalic.ttf in Resources */,
				084EB718AB6C4B509D31D418 /* Roboto-Medium.ttf in Resources */,
				F20ED06ACE19488AA0F47D0D /* Roboto-MediumItalic.ttf in Resources */,
				0C5C846C872C47F8B68BF099 /* Roboto-Regular.ttf in Resources */,
				6457B636CDD24FDF88E11B36 /* Roboto-Thin.ttf in Resources */,
				23A831B8E4F14B26AC512E13 /* Roboto-ThinItalic.ttf in Resources */,
				181C03E947184A2BB97A6E6B /* logo-turistando.png in Resources */,
				3AD0BC9A644142268103994D /* Roboto-Black.ttf in Resources */,
				3AC3DFBD37BC4E2896C33634 /* Roboto-BlackItalic.ttf in Resources */,
				EB6B6A3475F84EF9912F67E1 /* Roboto-Bold.ttf in Resources */,
				8B991A06527C4D7487BD05CA /* Roboto-BoldItalic.ttf in Resources */,
				1809FCDF0DBA4E4EBB0099D9 /* Roboto-Italic.ttf in Resources */,
				08D03A2C51E84FFF943CD810 /* Roboto-Light.ttf in Resources */,
				C6CB2E552B3C4B78944BD23B /* Roboto-LightItalic.ttf in Resources */,
				DCD266DC61EC48029767C3F3 /* Roboto-Medium.ttf in Resources */,
				C58D14B818124B99AA02AE75 /* Roboto-MediumItalic.ttf in Resources */,
				C911425BA1994F078619CEC2 /* Roboto-Regular.ttf in Resources */,
				F2B0FD9552694C2093A8C20A /* Roboto-Thin.ttf in Resources */,
				4A14FB14D0A7492AB778DB63 /* Roboto-ThinItalic.ttf in Resources */,
				1B9D4CD2615B42089AF3F145 /* Recursive-Black.ttf in Resources */,
				0865B23D1471401FB993EB68 /* Recursive-Bold.ttf in Resources */,
				CF6913A6E825409BA711D4DB /* Recursive-ExtraBold.ttf in Resources */,
				F3B84B53A02B40729C0241C1 /* Recursive-Light.ttf in Resources */,
				1E2B5DCF6EB944738DA92A50 /* Recursive-Medium.ttf in Resources */,
				1F316E1375E44CBD8FBD0CBB /* Recursive-Regular.ttf in Resources */,
				988763EA8DF94D5A9DECA69E /* Recursive-SemiBold.ttf in Resources */,
				04CDC4A11C314EC5B8CC4F7F /* Recursive-VariableFont_CASL,CRSV,MONO,slnt,wght.ttf in Resources */,
			);
			runOnlyForDeploymentPostprocessing = 0;
		};
		2D02E4791E0B4A5D006451C7 /* Resources */ = {
			isa = PBXResourcesBuildPhase;
			buildActionMask = 2147483647;
			files = (
				2D02E4BD1E0B4A84006451C7 /* Images.xcassets in Resources */,
			);
			runOnlyForDeploymentPostprocessing = 0;
		};
		2D02E48E1E0B4A5D006451C7 /* Resources */ = {
			isa = PBXResourcesBuildPhase;
			buildActionMask = 2147483647;
			files = (
			);
			runOnlyForDeploymentPostprocessing = 0;
		};
/* End PBXResourcesBuildPhase section */

/* Begin PBXShellScriptBuildPhase section */
		00DD1BFF1BD5951E006B06BC /* Bundle React Native code and images */ = {
			isa = PBXShellScriptBuildPhase;
			buildActionMask = 2147483647;
			files = (
			);
			inputPaths = (
			);
			name = "Bundle React Native code and images";
			outputPaths = (
			);
			runOnlyForDeploymentPostprocessing = 0;
			shellPath = /bin/sh;
			shellScript = "export NODE_BINARY=node\n../node_modules/react-native/scripts/react-native-xcode.sh";
		};
		2D02E4CB1E0B4B27006451C7 /* Bundle React Native Code And Images */ = {
			isa = PBXShellScriptBuildPhase;
			buildActionMask = 2147483647;
			files = (
			);
			inputPaths = (
			);
			name = "Bundle React Native Code And Images";
			outputPaths = (
			);
			runOnlyForDeploymentPostprocessing = 0;
			shellPath = /bin/sh;
			shellScript = "export NODE_BINARY=node\n../node_modules/react-native/scripts/react-native-xcode.sh";
		};
		FD10A7F022414F080027D42C /* Start Packager */ = {
			isa = PBXShellScriptBuildPhase;
			buildActionMask = 2147483647;
			files = (
			);
			inputFileListPaths = (
			);
			inputPaths = (
			);
			name = "Start Packager";
			outputFileListPaths = (
			);
			outputPaths = (
			);
			runOnlyForDeploymentPostprocessing = 0;
			shellPath = /bin/sh;
			shellScript = "export RCT_METRO_PORT=\"${RCT_METRO_PORT:=8081}\"\necho \"export RCT_METRO_PORT=${RCT_METRO_PORT}\" > \"${SRCROOT}/../node_modules/react-native/scripts/.packager.env\"\nif [ -z \"${RCT_NO_LAUNCH_PACKAGER+xxx}\" ] ; then\n  if nc -w 5 -z localhost ${RCT_METRO_PORT} ; then\n    if ! curl -s \"http://localhost:${RCT_METRO_PORT}/status\" | grep -q \"packager-status:running\" ; then\n      echo \"Port ${RCT_METRO_PORT} already in use, packager is either not running or not running correctly\"\n      exit 2\n    fi\n  else\n    open \"$SRCROOT/../node_modules/react-native/scripts/launchPackager.command\" || echo \"Can't start packager automatically\"\n  fi\nfi\n";
			showEnvVarsInLog = 0;
		};
		FD10A7F122414F3F0027D42C /* Start Packager */ = {
			isa = PBXShellScriptBuildPhase;
			buildActionMask = 2147483647;
			files = (
			);
			inputFileListPaths = (
			);
			inputPaths = (
			);
			name = "Start Packager";
			outputFileListPaths = (
			);
			outputPaths = (
			);
			runOnlyForDeploymentPostprocessing = 0;
			shellPath = /bin/sh;
			shellScript = "export RCT_METRO_PORT=\"${RCT_METRO_PORT:=8081}\"\necho \"export RCT_METRO_PORT=${RCT_METRO_PORT}\" > \"${SRCROOT}/../node_modules/react-native/scripts/.packager.env\"\nif [ -z \"${RCT_NO_LAUNCH_PACKAGER+xxx}\" ] ; then\n  if nc -w 5 -z localhost ${RCT_METRO_PORT} ; then\n    if ! curl -s \"http://localhost:${RCT_METRO_PORT}/status\" | grep -q \"packager-status:running\" ; then\n      echo \"Port ${RCT_METRO_PORT} already in use, packager is either not running or not running correctly\"\n      exit 2\n    fi\n  else\n    open \"$SRCROOT/../node_modules/react-native/scripts/launchPackager.command\" || echo \"Can't start packager automatically\"\n  fi\nfi\n";
			showEnvVarsInLog = 0;
		};
/* End PBXShellScriptBuildPhase section */

/* Begin PBXSourcesBuildPhase section */
		00E356EA1AD99517003FC87E /* Sources */ = {
			isa = PBXSourcesBuildPhase;
			buildActionMask = 2147483647;
			files = (
				00E356F31AD99517003FC87E /* turistandopbappTests.m in Sources */,
			);
			runOnlyForDeploymentPostprocessing = 0;
		};
		13B07F871A680F5B00A75B9A /* Sources */ = {
			isa = PBXSourcesBuildPhase;
			buildActionMask = 2147483647;
			files = (
				13B07FBC1A68108700A75B9A /* AppDelegate.m in Sources */,
				13B07FC11A68108700A75B9A /* main.m in Sources */,
			);
			runOnlyForDeploymentPostprocessing = 0;
		};
		2D02E4771E0B4A5D006451C7 /* Sources */ = {
			isa = PBXSourcesBuildPhase;
			buildActionMask = 2147483647;
			files = (
				2D02E4BF1E0B4AB3006451C7 /* main.m in Sources */,
				2D02E4BC1E0B4A80006451C7 /* AppDelegate.m in Sources */,
			);
			runOnlyForDeploymentPostprocessing = 0;
		};
		2D02E48C1E0B4A5D006451C7 /* Sources */ = {
			isa = PBXSourcesBuildPhase;
			buildActionMask = 2147483647;
			files = (
				2DCD954D1E0B4F2C00145EB5 /* turistandopbappTests.m in Sources */,
			);
			runOnlyForDeploymentPostprocessing = 0;
		};
/* End PBXSourcesBuildPhase section */

/* Begin PBXTargetDependency section */
		00E356F51AD99517003FC87E /* PBXTargetDependency */ = {
			isa = PBXTargetDependency;
			target = 13B07F861A680F5B00A75B9A /* turistandopbapp */;
			targetProxy = 00E356F41AD99517003FC87E /* PBXContainerItemProxy */;
		};
		2D02E4921E0B4A5D006451C7 /* PBXTargetDependency */ = {
			isa = PBXTargetDependency;
			target = 2D02E47A1E0B4A5D006451C7 /* turistandopbapp-tvOS */;
			targetProxy = 2D02E4911E0B4A5D006451C7 /* PBXContainerItemProxy */;
		};
/* End PBXTargetDependency section */

/* Begin XCBuildConfiguration section */
		00E356F61AD99517003FC87E /* Debug */ = {
			isa = XCBuildConfiguration;
			buildSettings = {
				BUNDLE_LOADER = "$(TEST_HOST)";
				GCC_PREPROCESSOR_DEFINITIONS = (
					"DEBUG=1",
					"$(inherited)",
				);
				INFOPLIST_FILE = turistandopbappTests/Info.plist;
				IPHONEOS_DEPLOYMENT_TARGET = 10.0;
				LD_RUNPATH_SEARCH_PATHS = "$(inherited) @executable_path/Frameworks @loader_path/Frameworks";
				OTHER_LDFLAGS = (
					"-ObjC",
					"-lc++",
					"$(inherited)",
				);
				PRODUCT_BUNDLE_IDENTIFIER = "org.reactjs.native.example.$(PRODUCT_NAME:rfc1034identifier)";
				PRODUCT_NAME = "$(TARGET_NAME)";
				TEST_HOST = "$(BUILT_PRODUCTS_DIR)/turistandopbapp.app/turistandopbapp";
			};
			name = Debug;
		};
		00E356F71AD99517003FC87E /* Release */ = {
			isa = XCBuildConfiguration;
			buildSettings = {
				BUNDLE_LOADER = "$(TEST_HOST)";
				COPY_PHASE_STRIP = NO;
				INFOPLIST_FILE = turistandopbappTests/Info.plist;
				IPHONEOS_DEPLOYMENT_TARGET = 10.0;
				LD_RUNPATH_SEARCH_PATHS = "$(inherited) @executable_path/Frameworks @loader_path/Frameworks";
				OTHER_LDFLAGS = (
					"-ObjC",
					"-lc++",
					"$(inherited)",
				);
				PRODUCT_BUNDLE_IDENTIFIER = "org.reactjs.native.example.$(PRODUCT_NAME:rfc1034identifier)";
				PRODUCT_NAME = "$(TARGET_NAME)";
				TEST_HOST = "$(BUILT_PRODUCTS_DIR)/turistandopbapp.app/turistandopbapp";
			};
			name = Release;
		};
		13B07F941A680F5B00A75B9A /* Debug */ = {
			isa = XCBuildConfiguration;
			buildSettings = {
				ASSETCATALOG_COMPILER_APPICON_NAME = AppIcon;
				CLANG_ENABLE_MODULES = YES;
				CURRENT_PROJECT_VERSION = 1;
				ENABLE_BITCODE = NO;
				INFOPLIST_FILE = turistandopbapp/Info.plist;
				LD_RUNPATH_SEARCH_PATHS = "$(inherited) @executable_path/Frameworks";
				OTHER_LDFLAGS = (
					"$(inherited)",
					"-ObjC",
					"-lc++",
				);
				PRODUCT_BUNDLE_IDENTIFIER = "org.reactjs.native.example.$(PRODUCT_NAME:rfc1034identifier)";
				PRODUCT_NAME = turistandopbapp;
				SWIFT_OPTIMIZATION_LEVEL = "-Onone";
				SWIFT_VERSION = 5.0;
				VERSIONING_SYSTEM = "apple-generic";
			};
			name = Debug;
		};
		13B07F951A680F5B00A75B9A /* Release */ = {
			isa = XCBuildConfiguration;
			buildSettings = {
				ASSETCATALOG_COMPILER_APPICON_NAME = AppIcon;
				CLANG_ENABLE_MODULES = YES;
				CURRENT_PROJECT_VERSION = 1;
				INFOPLIST_FILE = turistandopbapp/Info.plist;
				LD_RUNPATH_SEARCH_PATHS = "$(inherited) @executable_path/Frameworks";
				OTHER_LDFLAGS = (
					"$(inherited)",
					"-ObjC",
					"-lc++",
				);
				PRODUCT_BUNDLE_IDENTIFIER = "org.reactjs.native.example.$(PRODUCT_NAME:rfc1034identifier)";
				PRODUCT_NAME = turistandopbapp;
				SWIFT_VERSION = 5.0;
				VERSIONING_SYSTEM = "apple-generic";
			};
			name = Release;
		};
		2D02E4971E0B4A5E006451C7 /* Debug */ = {
			isa = XCBuildConfiguration;
			buildSettings = {
				ASSETCATALOG_COMPILER_APPICON_NAME = "App Icon & Top Shelf Image";
				ASSETCATALOG_COMPILER_LAUNCHIMAGE_NAME = LaunchImage;
				CLANG_ANALYZER_NONNULL = YES;
				CLANG_WARN_DOCUMENTATION_COMMENTS = YES;
				CLANG_WARN_INFINITE_RECURSION = YES;
				CLANG_WARN_SUSPICIOUS_MOVE = YES;
				DEBUG_INFORMATION_FORMAT = dwarf;
				ENABLE_TESTABILITY = YES;
				GCC_NO_COMMON_BLOCKS = YES;
				INFOPLIST_FILE = "turistandopbapp-tvOS/Info.plist";
				LD_RUNPATH_SEARCH_PATHS = "$(inherited) @executable_path/Frameworks";
				OTHER_LDFLAGS = (
					"$(inherited)",
					"-ObjC",
					"-lc++",
				);
				PRODUCT_BUNDLE_IDENTIFIER = "org.reactjs.native.example.turistandopbapp-tvOS";
				PRODUCT_NAME = "$(TARGET_NAME)";
				SDKROOT = appletvos;
				TARGETED_DEVICE_FAMILY = 3;
				TVOS_DEPLOYMENT_TARGET = 10.0;
			};
			name = Debug;
		};
		2D02E4981E0B4A5E006451C7 /* Release */ = {
			isa = XCBuildConfiguration;
			buildSettings = {
				ASSETCATALOG_COMPILER_APPICON_NAME = "App Icon & Top Shelf Image";
				ASSETCATALOG_COMPILER_LAUNCHIMAGE_NAME = LaunchImage;
				CLANG_ANALYZER_NONNULL = YES;
				CLANG_WARN_DOCUMENTATION_COMMENTS = YES;
				CLANG_WARN_INFINITE_RECURSION = YES;
				CLANG_WARN_SUSPICIOUS_MOVE = YES;
				COPY_PHASE_STRIP = NO;
				DEBUG_INFORMATION_FORMAT = "dwarf-with-dsym";
				GCC_NO_COMMON_BLOCKS = YES;
				INFOPLIST_FILE = "turistandopbapp-tvOS/Info.plist";
				LD_RUNPATH_SEARCH_PATHS = "$(inherited) @executable_path/Frameworks";
				OTHER_LDFLAGS = (
					"$(inherited)",
					"-ObjC",
					"-lc++",
				);
				PRODUCT_BUNDLE_IDENTIFIER = "org.reactjs.native.example.turistandopbapp-tvOS";
				PRODUCT_NAME = "$(TARGET_NAME)";
				SDKROOT = appletvos;
				TARGETED_DEVICE_FAMILY = 3;
				TVOS_DEPLOYMENT_TARGET = 10.0;
			};
			name = Release;
		};
		2D02E4991E0B4A5E006451C7 /* Debug */ = {
			isa = XCBuildConfiguration;
			buildSettings = {
				BUNDLE_LOADER = "$(TEST_HOST)";
				CLANG_ANALYZER_NONNULL = YES;
				CLANG_WARN_DOCUMENTATION_COMMENTS = YES;
				CLANG_WARN_INFINITE_RECURSION = YES;
				CLANG_WARN_SUSPICIOUS_MOVE = YES;
				DEBUG_INFORMATION_FORMAT = dwarf;
				ENABLE_TESTABILITY = YES;
				GCC_NO_COMMON_BLOCKS = YES;
				INFOPLIST_FILE = "turistandopbapp-tvOSTests/Info.plist";
				LD_RUNPATH_SEARCH_PATHS = "$(inherited) @executable_path/Frameworks @loader_path/Frameworks";
				OTHER_LDFLAGS = (
					"$(inherited)",
					"-ObjC",
					"-lc++",
				);
				PRODUCT_BUNDLE_IDENTIFIER = "org.reactjs.native.example.turistandopbapp-tvOSTests";
				PRODUCT_NAME = "$(TARGET_NAME)";
				SDKROOT = appletvos;
				TEST_HOST = "$(BUILT_PRODUCTS_DIR)/turistandopbapp-tvOS.app/turistandopbapp-tvOS";
				TVOS_DEPLOYMENT_TARGET = 10.1;
			};
			name = Debug;
		};
		2D02E49A1E0B4A5E006451C7 /* Release */ = {
			isa = XCBuildConfiguration;
			buildSettings = {
				BUNDLE_LOADER = "$(TEST_HOST)";
				CLANG_ANALYZER_NONNULL = YES;
				CLANG_WARN_DOCUMENTATION_COMMENTS = YES;
				CLANG_WARN_INFINITE_RECURSION = YES;
				CLANG_WARN_SUSPICIOUS_MOVE = YES;
				COPY_PHASE_STRIP = NO;
				DEBUG_INFORMATION_FORMAT = "dwarf-with-dsym";
				GCC_NO_COMMON_BLOCKS = YES;
				INFOPLIST_FILE = "turistandopbapp-tvOSTests/Info.plist";
				LD_RUNPATH_SEARCH_PATHS = "$(inherited) @executable_path/Frameworks @loader_path/Frameworks";
				OTHER_LDFLAGS = (
					"$(inherited)",
					"-ObjC",
					"-lc++",
				);
				PRODUCT_BUNDLE_IDENTIFIER = "org.reactjs.native.example.turistandopbapp-tvOSTests";
				PRODUCT_NAME = "$(TARGET_NAME)";
				SDKROOT = appletvos;
				TEST_HOST = "$(BUILT_PRODUCTS_DIR)/turistandopbapp-tvOS.app/turistandopbapp-tvOS";
				TVOS_DEPLOYMENT_TARGET = 10.1;
			};
			name = Release;
		};
		83CBBA201A601CBA00E9B192 /* Debug */ = {
			isa = XCBuildConfiguration;
			buildSettings = {
				ALWAYS_SEARCH_USER_PATHS = NO;
				CLANG_ANALYZER_LOCALIZABILITY_NONLOCALIZED = YES;
				CLANG_CXX_LANGUAGE_STANDARD = "gnu++0x";
				CLANG_CXX_LIBRARY = "libc++";
				CLANG_ENABLE_MODULES = YES;
				CLANG_ENABLE_OBJC_ARC = YES;
				CLANG_WARN_BLOCK_CAPTURE_AUTORELEASING = YES;
				CLANG_WARN_BOOL_CONVERSION = YES;
				CLANG_WARN_COMMA = YES;
				CLANG_WARN_CONSTANT_CONVERSION = YES;
				CLANG_WARN_DEPRECATED_OBJC_IMPLEMENTATIONS = YES;
				CLANG_WARN_DIRECT_OBJC_ISA_USAGE = YES_ERROR;
				CLANG_WARN_EMPTY_BODY = YES;
				CLANG_WARN_ENUM_CONVERSION = YES;
				CLANG_WARN_INFINITE_RECURSION = YES;
				CLANG_WARN_INT_CONVERSION = YES;
				CLANG_WARN_NON_LITERAL_NULL_CONVERSION = YES;
				CLANG_WARN_OBJC_IMPLICIT_RETAIN_SELF = YES;
				CLANG_WARN_OBJC_LITERAL_CONVERSION = YES;
				CLANG_WARN_OBJC_ROOT_CLASS = YES_ERROR;
				CLANG_WARN_RANGE_LOOP_ANALYSIS = YES;
				CLANG_WARN_STRICT_PROTOTYPES = YES;
				CLANG_WARN_SUSPICIOUS_MOVE = YES;
				CLANG_WARN_UNREACHABLE_CODE = YES;
				CLANG_WARN__DUPLICATE_METHOD_MATCH = YES;
				"CODE_SIGN_IDENTITY[sdk=iphoneos*]" = "iPhone Developer";
				COPY_PHASE_STRIP = NO;
				ENABLE_STRICT_OBJC_MSGSEND = YES;
				ENABLE_TESTABILITY = YES;
				GCC_C_LANGUAGE_STANDARD = gnu99;
				GCC_DYNAMIC_NO_PIC = NO;
				GCC_NO_COMMON_BLOCKS = YES;
				GCC_OPTIMIZATION_LEVEL = 0;
				GCC_PREPROCESSOR_DEFINITIONS = (
					"DEBUG=1",
					"$(inherited)",
				);
				GCC_SYMBOLS_PRIVATE_EXTERN = NO;
				GCC_WARN_64_TO_32_BIT_CONVERSION = YES;
				GCC_WARN_ABOUT_RETURN_TYPE = YES_ERROR;
				GCC_WARN_UNDECLARED_SELECTOR = YES;
				GCC_WARN_UNINITIALIZED_AUTOS = YES_AGGRESSIVE;
				GCC_WARN_UNUSED_FUNCTION = YES;
				GCC_WARN_UNUSED_VARIABLE = YES;
				IPHONEOS_DEPLOYMENT_TARGET = 10.0;
				LD_RUNPATH_SEARCH_PATHS = "/usr/lib/swift $(inherited)";
				LIBRARY_SEARCH_PATHS = (
					"\"$(TOOLCHAIN_DIR)/usr/lib/swift/$(PLATFORM_NAME)\"",
					"\"$(TOOLCHAIN_DIR)/usr/lib/swift-5.0/$(PLATFORM_NAME)\"",
					"\"$(inherited)\"",
				);
				MTL_ENABLE_DEBUG_INFO = YES;
				ONLY_ACTIVE_ARCH = YES;
				SDKROOT = iphoneos;
			};
			name = Debug;
		};
		83CBBA211A601CBA00E9B192 /* Release */ = {
			isa = XCBuildConfiguration;
			buildSettings = {
				ALWAYS_SEARCH_USER_PATHS = NO;
				CLANG_ANALYZER_LOCALIZABILITY_NONLOCALIZED = YES;
				CLANG_CXX_LANGUAGE_STANDARD = "gnu++0x";
				CLANG_CXX_LIBRARY = "libc++";
				CLANG_ENABLE_MODULES = YES;
				CLANG_ENABLE_OBJC_ARC = YES;
				CLANG_WARN_BLOCK_CAPTURE_AUTORELEASING = YES;
				CLANG_WARN_BOOL_CONVERSION = YES;
				CLANG_WARN_COMMA = YES;
				CLANG_WARN_CONSTANT_CONVERSION = YES;
				CLANG_WARN_DEPRECATED_OBJC_IMPLEMENTATIONS = YES;
				CLANG_WARN_DIRECT_OBJC_ISA_USAGE = YES_ERROR;
				CLANG_WARN_EMPTY_BODY = YES;
				CLANG_WARN_ENUM_CONVERSION = YES;
				CLANG_WARN_INFINITE_RECURSION = YES;
				CLANG_WARN_INT_CONVERSION = YES;
				CLANG_WARN_NON_LITERAL_NULL_CONVERSION = YES;
				CLANG_WARN_OBJC_IMPLICIT_RETAIN_SELF = YES;
				CLANG_WARN_OBJC_LITERAL_CONVERSION = YES;
				CLANG_WARN_OBJC_ROOT_CLASS = YES_ERROR;
				CLANG_WARN_RANGE_LOOP_ANALYSIS = YES;
				CLANG_WARN_STRICT_PROTOTYPES = YES;
				CLANG_WARN_SUSPICIOUS_MOVE = YES;
				CLANG_WARN_UNREACHABLE_CODE = YES;
				CLANG_WARN__DUPLICATE_METHOD_MATCH = YES;
				"CODE_SIGN_IDENTITY[sdk=iphoneos*]" = "iPhone Developer";
				COPY_PHASE_STRIP = YES;
				ENABLE_NS_ASSERTIONS = NO;
				ENABLE_STRICT_OBJC_MSGSEND = YES;
				GCC_C_LANGUAGE_STANDARD = gnu99;
				GCC_NO_COMMON_BLOCKS = YES;
				GCC_WARN_64_TO_32_BIT_CONVERSION = YES;
				GCC_WARN_ABOUT_RETURN_TYPE = YES_ERROR;
				GCC_WARN_UNDECLARED_SELECTOR = YES;
				GCC_WARN_UNINITIALIZED_AUTOS = YES_AGGRESSIVE;
				GCC_WARN_UNUSED_FUNCTION = YES;
				GCC_WARN_UNUSED_VARIABLE = YES;
				IPHONEOS_DEPLOYMENT_TARGET = 10.0;
				LD_RUNPATH_SEARCH_PATHS = "/usr/lib/swift $(inherited)";
				LIBRARY_SEARCH_PATHS = (
					"\"$(TOOLCHAIN_DIR)/usr/lib/swift/$(PLATFORM_NAME)\"",
					"\"$(TOOLCHAIN_DIR)/usr/lib/swift-5.0/$(PLATFORM_NAME)\"",
					"\"$(inherited)\"",
				);
				MTL_ENABLE_DEBUG_INFO = NO;
				SDKROOT = iphoneos;
				VALIDATE_PRODUCT = YES;
			};
			name = Release;
		};
/* End XCBuildConfiguration section */

/* Begin XCConfigurationList section */
		00E357021AD99517003FC87E /* Build configuration list for PBXNativeTarget "turistandopbappTests" */ = {
			isa = XCConfigurationList;
			buildConfigurations = (
				00E356F61AD99517003FC87E /* Debug */,
				00E356F71AD99517003FC87E /* Release */,
			);
			defaultConfigurationIsVisible = 0;
			defaultConfigurationName = Release;
		};
		13B07F931A680F5B00A75B9A /* Build configuration list for PBXNativeTarget "turistandopbapp" */ = {
			isa = XCConfigurationList;
			buildConfigurations = (
				13B07F941A680F5B00A75B9A /* Debug */,
				13B07F951A680F5B00A75B9A /* Release */,
			);
			defaultConfigurationIsVisible = 0;
			defaultConfigurationName = Release;
		};
		2D02E4BA1E0B4A5E006451C7 /* Build configuration list for PBXNativeTarget "turistandopbapp-tvOS" */ = {
			isa = XCConfigurationList;
			buildConfigurations = (
				2D02E4971E0B4A5E006451C7 /* Debug */,
				2D02E4981E0B4A5E006451C7 /* Release */,
			);
			defaultConfigurationIsVisible = 0;
			defaultConfigurationName = Release;
		};
		2D02E4BB1E0B4A5E006451C7 /* Build configuration list for PBXNativeTarget "turistandopbapp-tvOSTests" */ = {
			isa = XCConfigurationList;
			buildConfigurations = (
				2D02E4991E0B4A5E006451C7 /* Debug */,
				2D02E49A1E0B4A5E006451C7 /* Release */,
			);
			defaultConfigurationIsVisible = 0;
			defaultConfigurationName = Release;
		};
		83CBB9FA1A601CBA00E9B192 /* Build configuration list for PBXProject "turistandopbapp" */ = {
			isa = XCConfigurationList;
			buildConfigurations = (
				83CBBA201A601CBA00E9B192 /* Debug */,
				83CBBA211A601CBA00E9B192 /* Release */,
			);
			defaultConfigurationIsVisible = 0;
			defaultConfigurationName = Release;
		};
/* End XCConfigurationList section */
	};
	rootObject = 83CBB9F71A601CBA00E9B192 /* Project object */;
}
